
Microsoft Visual Studio Solution File, Format Version 12.00
# Visual Studio Version 16
VisualStudioVersion = 16.0.29009.5
MinimumVisualStudioVersion = 10.0.40219.1
Project("{FAE04EC0-301F-11D3-BF4B-00C04F79EFBC}") = "WebApplication2", "WebApplication1\WebApplication2.csproj", "{94DBEA8B-C6C5-4CBF-87E2-9571A6E5C2AF}"
EndProject
Global
	GlobalSection(SolutionConfigurationPlatforms) = preSolution
		Debug|Any CPU = Debug|Any CPU
		Release|Any CPU = Release|Any CPU
	EndGlobalSection
	GlobalSection(ProjectConfigurationPlatforms) = postSolution
		{94DBEA8B-C6C5-4CBF-87E2-9571A6E5C2AF}.Debug|Any CPU.ActiveCfg = Debug|Any CPU
		{94DBEA8B-C6C5-4CBF-87E2-9571A6E5C2AF}.Debug|Any CPU.Build.0 = Debug|Any CPU
		{94DBEA8B-C6C5-4CBF-87E2-9571A6E5C2AF}.Release|Any CPU.ActiveCfg = Release|Any CPU
		{94DBEA8B-C6C5-4CBF-87E2-9571A6E5C2AF}.Release|Any CPU.Build.0 = Release|Any CPU
	EndGlobalSection
	GlobalSection(SolutionProperties) = preSolution
		HideSolutionNode = FALSE
	EndGlobalSection
	GlobalSection(ExtensibilityGlobals) = postSolution
		SolutionGuid = {B5ECC49E-B511-40B4-87C2-C82CF810C3E4}
	EndGlobalSection
EndGlobal
